
Microsoft Visual Studio Solution File, Format Version 12.00
# Visual Studio Version 16
VisualStudioVersion = 16.0.29123.88
MinimumVisualStudioVersion = 10.0.40219.1
Project("{FAE04EC0-301F-11D3-BF4B-00C04F79EFBC}") = "JayveeLopez.Midterm2", "JayveeLopez.Midterm2.csproj", "{51421054-9F24-419D-861F-F570E49A5C61}"
EndProject
Global
	GlobalSection(SolutionConfigurationPlatforms) = preSolution
		Debug|Any CPU = Debug|Any CPU
		Release|Any CPU = Release|Any CPU
	EndGlobalSection
	GlobalSection(ProjectConfigurationPlatforms) = postSolution
		{51421054-9F24-419D-861F-F570E49A5C61}.Debug|Any CPU.ActiveCfg = Debug|Any CPU
		{51421054-9F24-419D-861F-F570E49A5C61}.Debug|Any CPU.Build.0 = Debug|Any CPU
		{51421054-9F24-419D-861F-F570E49A5C61}.Release|Any CPU.ActiveCfg = Release|Any CPU
		{51421054-9F24-419D-861F-F570E49A5C61}.Release|Any CPU.Build.0 = Release|Any CPU
	EndGlobalSection
	GlobalSection(SolutionProperties) = preSolution
		HideSolutionNode = FALSE
	EndGlobalSection
	GlobalSection(ExtensibilityGlobals) = postSolution
		SolutionGuid = {4A71ADBF-312F-4E8F-A4AF-59A88AE39534}
	EndGlobalSection
EndGlobal
